
Microsoft Visual Studio Solution File, Format Version 12.00
# Visual Studio 15
VisualStudioVersion = 15.0.26124.0
MinimumVisualStudioVersion = 15.0.26124.0
Project("{2150E333-8FDC-42A3-9474-1A3956D46DE8}") = "libs", "libs", "{7334672B-28C0-4AAD-987D-FE0DD85F594C}"
EndProject
Project("{2150E333-8FDC-42A3-9474-1A3956D46DE8}") = "cross-cutting", "cross-cutting", "{AAF3BE9C-542A-41F4-BAEA-AF230AA28FBA}"
EndProject
Project("{FAE04EC0-301F-11D3-BF4B-00C04F79EFBC}") = "RdErp.DataAccess", "libs\cross-cutting\RdErp.DataAccess\RdErp.DataAccess.csproj", "{BA2625E6-D1EF-40F1-A7B3-D27A5A8746C6}"
EndProject
Project("{2150E333-8FDC-42A3-9474-1A3956D46DE8}") = "services", "services", "{03CDE869-31D6-4902-ABF1-264FD8D66807}"
EndProject
Project("{FAE04EC0-301F-11D3-BF4B-00C04F79EFBC}") = "RdErp.Financial.Service", "services\RdErp.Financial.Service\RdErp.Financial.Service.csproj", "{43002EE4-D258-47EE-BAB3-EA54417D3AAC}"
EndProject
Project("{FAE04EC0-301F-11D3-BF4B-00C04F79EFBC}") = "RdErp.MigrateDatabase", "services\RdErp.MigrateDatabase\RdErp.MigrateDatabase.csproj", "{59DD935B-3BF7-4B12-BF06-9426FC70F451}"
EndProject
Project("{FAE04EC0-301F-11D3-BF4B-00C04F79EFBC}") = "RdErp.Project.Service", "services\RdErp.Project.Service\RdErp.Project.Service.csproj", "{E61024C2-CC4B-4B0C-940A-87C17EB138A8}"
EndProject
Project("{2150E333-8FDC-42A3-9474-1A3956D46DE8}") = "financial", "financial", "{D17C89BD-CBD5-4933-831D-601F2C4BFC15}"
EndProject
Project("{FAE04EC0-301F-11D3-BF4B-00C04F79EFBC}") = "RdErp.Financial.Contract", "libs\financial\RdErp.Financial.Contract\RdErp.Financial.Contract.csproj", "{DC816921-19FD-470F-B4D2-4A91C519BCC8}"
EndProject
Project("{FAE04EC0-301F-11D3-BF4B-00C04F79EFBC}") = "RdErp.Financial.Core", "libs\financial\RdErp.Financial.Core\RdErp.Financial.Core.csproj", "{EE9A1518-20D8-485D-BBCE-82F1CEB2D1FF}"
EndProject
Project("{FAE04EC0-301F-11D3-BF4B-00C04F79EFBC}") = "RdErp.Financial.DataAccess", "libs\financial\RdErp.Financial.DataAccess\RdErp.Financial.DataAccess.csproj", "{71145007-57AC-4437-9ED9-F457B52C00C5}"
EndProject
Project("{FAE04EC0-301F-11D3-BF4B-00C04F79EFBC}") = "RdErp.Common", "libs\cross-cutting\RdErp.Common\RdErp.Common.csproj", "{980A1EF3-1CAA-4EDA-A0F4-B75A28D7E809}"
EndProject
Project("{FAE04EC0-301F-11D3-BF4B-00C04F79EFBC}") = "RdErp.Identity.Service", "services\RdErp.Identity.Service\RdErp.Identity.Service.csproj", "{921F683C-EF36-4D64-97B7-B5F59C724108}"
EndProject
Project("{FAE04EC0-301F-11D3-BF4B-00C04F79EFBC}") = "RdErp.AspNetCore.Common", "libs\cross-cutting\RdErp.AspNetCore.Common\RdErp.AspNetCore.Common.csproj", "{CC5507E4-E5BB-48A4-ADF8-7A3B4051D498}"
EndProject
Project("{2150E333-8FDC-42A3-9474-1A3956D46DE8}") = "planning", "planning", "{7E4B807E-CCC1-48CF-8695-7FA288A3BA9C}"
EndProject
Project("{FAE04EC0-301F-11D3-BF4B-00C04F79EFBC}") = "RdErp.Planning.Contract", "libs\planning\RdErp.Planning.Contract\RdErp.Planning.Contract.csproj", "{DFB775A2-70E0-4123-AA7B-F164AFAB7EFA}"
EndProject
Project("{FAE04EC0-301F-11D3-BF4B-00C04F79EFBC}") = "RdErp.Planning.EventGeneration", "libs\planning\RdErp.Planning.EventGeneration\RdErp.Planning.EventGeneration.csproj", "{1CA68F9A-B2C6-4595-AD01-D51791E28745}"
EndProject
Project("{FAE04EC0-301F-11D3-BF4B-00C04F79EFBC}") = "RdErp.Planning.Core", "libs\planning\RdErp.Planning.Core\RdErp.Planning.Core.csproj", "{4E4B8828-76E1-4752-9FB7-47EDFE4595E6}"
EndProject
Project("{FAE04EC0-301F-11D3-BF4B-00C04F79EFBC}") = "RdErp.Planning.Service", "services\RdErp.Planning.Service\RdErp.Planning.Service.csproj", "{08C3D960-FC4B-4011-B168-F41EFA10384B}"
EndProject
Project("{FAE04EC0-301F-11D3-BF4B-00C04F79EFBC}") = "RdErp.Planning.DataAccess", "libs\planning\RdErp.Planning.DataAccess\RdErp.Planning.DataAccess.csproj", "{3A10D54B-9D69-406F-8B03-9960CDB9382A}"
EndProject
Project("{2150E333-8FDC-42A3-9474-1A3956D46DE8}") = "reference-info", "reference-info", "{134C519D-5EF4-4FBA-BD4B-64C4834E0166}"
EndProject
Project("{FAE04EC0-301F-11D3-BF4B-00C04F79EFBC}") = "RdErp.ReferenceInfo.Contract", "libs\reference-info\RdErp.ReferenceInfo.Contract\RdErp.ReferenceInfo.Contract.csproj", "{1BD08A96-7F34-417B-875E-AACB2BEC72C1}"
EndProject
Project("{FAE04EC0-301F-11D3-BF4B-00C04F79EFBC}") = "RdErp.ReferenceInfo.Core", "libs\reference-info\RdErp.ReferenceInfo.Core\RdErp.ReferenceInfo.Core.csproj", "{2BC232FB-FFFA-4587-8804-531C413D5EC2}"
EndProject
Project("{FAE04EC0-301F-11D3-BF4B-00C04F79EFBC}") = "RdErp.ReferenceInfo.DataAccess", "libs\reference-info\RdErp.ReferenceInfo.DataAccess\RdErp.ReferenceInfo.DataAccess.csproj", "{C63832FA-A47D-41B7-A00F-C3242B9060AF}"
EndProject
Project("{FAE04EC0-301F-11D3-BF4B-00C04F79EFBC}") = "RdErp.ReferenceInfo.Service", "services\RdErp.ReferenceInfo.Service\RdErp.ReferenceInfo.Service.csproj", "{B143FDC4-D896-4244-BE90-95AA42534EFA}"
EndProject
Project("{2150E333-8FDC-42A3-9474-1A3956D46DE8}") = "reporting", "reporting", "{4262C4AD-BBA5-40B1-9161-ACCAFCFC76B0}"
EndProject
Project("{FAE04EC0-301F-11D3-BF4B-00C04F79EFBC}") = "RdErp.Reporting.Contract", "libs\reporting\RdErp.Reporting.Contract\RdErp.Reporting.Contract.csproj", "{364D77B8-C970-49CA-8A8E-2053D0923BB3}"
EndProject
Project("{FAE04EC0-301F-11D3-BF4B-00C04F79EFBC}") = "RdErp.Reporting.Core", "libs\reporting\RdErp.Reporting.Core\RdErp.Reporting.Core.csproj", "{E37E7470-16B2-4DE7-90FB-EDB41DCB2EEC}"
EndProject
Project("{FAE04EC0-301F-11D3-BF4B-00C04F79EFBC}") = "RdErp.Reporting.DataAccess", "libs\reporting\RdErp.Reporting.DataAccess\RdErp.Reporting.DataAccess.csproj", "{D3ED2C3E-1E61-4263-87FE-5CC578C7A0D5}"
EndProject
Project("{FAE04EC0-301F-11D3-BF4B-00C04F79EFBC}") = "RdErp.Reporting.Service", "services\RdErp.Reporting.Service\RdErp.Reporting.Service.csproj", "{603659C2-C97B-4899-AF13-386994A9FA36}"
EndProject
Project("{2150E333-8FDC-42A3-9474-1A3956D46DE8}") = "attribute", "attribute", "{94F84CF9-FB56-406C-AED4-49851F9F8B5D}"
EndProject
Project("{FAE04EC0-301F-11D3-BF4B-00C04F79EFBC}") = "RdErp.Attributes.Contract", "libs\attribute\RdErp.Attributes.Contract\RdErp.Attributes.Contract.csproj", "{8B4D6B2F-AB57-4367-83DC-961E745D2CF3}"
EndProject
Project("{FAE04EC0-301F-11D3-BF4B-00C04F79EFBC}") = "RdErp.Attributes.Core", "libs\attribute\RdErp.Attributes.Core\RdErp.Attributes.Core.csproj", "{FF0A8888-3350-4FE4-9FC9-CF8483616B35}"
EndProject
Project("{FAE04EC0-301F-11D3-BF4B-00C04F79EFBC}") = "RdErp.Attributes.DataAccess", "libs\attribute\RdErp.Attributes.DataAccess\RdErp.Attributes.DataAccess.csproj", "{3402CF6A-C867-4DAC-BC6C-5712BFDD211F}"
EndProject
Project("{FAE04EC0-301F-11D3-BF4B-00C04F79EFBC}") = "RdErp.Attributes.Service", "services\RdErp.Attributes.Service\RdErp.Attributes.Service.csproj", "{32F3E6E2-0476-4EE2-B86F-86D7B63F7B58}"
EndProject
Global
	GlobalSection(SolutionConfigurationPlatforms) = preSolution
		Debug|Any CPU = Debug|Any CPU
		Debug|x64 = Debug|x64
		Debug|x86 = Debug|x86
		Release|Any CPU = Release|Any CPU
		Release|x64 = Release|x64
		Release|x86 = Release|x86
	EndGlobalSection
	GlobalSection(SolutionProperties) = preSolution
		HideSolutionNode = FALSE
	EndGlobalSection
	GlobalSection(ProjectConfigurationPlatforms) = postSolution
		{BA2625E6-D1EF-40F1-A7B3-D27A5A8746C6}.Debug|Any CPU.ActiveCfg = Debug|Any CPU
		{BA2625E6-D1EF-40F1-A7B3-D27A5A8746C6}.Debug|Any CPU.Build.0 = Debug|Any CPU
		{BA2625E6-D1EF-40F1-A7B3-D27A5A8746C6}.Debug|x64.ActiveCfg = Debug|Any CPU
		{BA2625E6-D1EF-40F1-A7B3-D27A5A8746C6}.Debug|x64.Build.0 = Debug|Any CPU
		{BA2625E6-D1EF-40F1-A7B3-D27A5A8746C6}.Debug|x86.ActiveCfg = Debug|Any CPU
		{BA2625E6-D1EF-40F1-A7B3-D27A5A8746C6}.Debug|x86.Build.0 = Debug|Any CPU
		{BA2625E6-D1EF-40F1-A7B3-D27A5A8746C6}.Release|Any CPU.ActiveCfg = Release|Any CPU
		{BA2625E6-D1EF-40F1-A7B3-D27A5A8746C6}.Release|Any CPU.Build.0 = Release|Any CPU
		{BA2625E6-D1EF-40F1-A7B3-D27A5A8746C6}.Release|x64.ActiveCfg = Release|Any CPU
		{BA2625E6-D1EF-40F1-A7B3-D27A5A8746C6}.Release|x64.Build.0 = Release|Any CPU
		{BA2625E6-D1EF-40F1-A7B3-D27A5A8746C6}.Release|x86.ActiveCfg = Release|Any CPU
		{BA2625E6-D1EF-40F1-A7B3-D27A5A8746C6}.Release|x86.Build.0 = Release|Any CPU
		{43002EE4-D258-47EE-BAB3-EA54417D3AAC}.Debug|Any CPU.ActiveCfg = Debug|Any CPU
		{43002EE4-D258-47EE-BAB3-EA54417D3AAC}.Debug|Any CPU.Build.0 = Debug|Any CPU
		{43002EE4-D258-47EE-BAB3-EA54417D3AAC}.Debug|x64.ActiveCfg = Debug|Any CPU
		{43002EE4-D258-47EE-BAB3-EA54417D3AAC}.Debug|x64.Build.0 = Debug|Any CPU
		{43002EE4-D258-47EE-BAB3-EA54417D3AAC}.Debug|x86.ActiveCfg = Debug|Any CPU
		{43002EE4-D258-47EE-BAB3-EA54417D3AAC}.Debug|x86.Build.0 = Debug|Any CPU
		{43002EE4-D258-47EE-BAB3-EA54417D3AAC}.Release|Any CPU.ActiveCfg = Release|Any CPU
		{43002EE4-D258-47EE-BAB3-EA54417D3AAC}.Release|Any CPU.Build.0 = Release|Any CPU
		{43002EE4-D258-47EE-BAB3-EA54417D3AAC}.Release|x64.ActiveCfg = Release|Any CPU
		{43002EE4-D258-47EE-BAB3-EA54417D3AAC}.Release|x64.Build.0 = Release|Any CPU
		{43002EE4-D258-47EE-BAB3-EA54417D3AAC}.Release|x86.ActiveCfg = Release|Any CPU
		{43002EE4-D258-47EE-BAB3-EA54417D3AAC}.Release|x86.Build.0 = Release|Any CPU
		{59DD935B-3BF7-4B12-BF06-9426FC70F451}.Debug|Any CPU.ActiveCfg = Debug|Any CPU
		{59DD935B-3BF7-4B12-BF06-9426FC70F451}.Debug|Any CPU.Build.0 = Debug|Any CPU
		{59DD935B-3BF7-4B12-BF06-9426FC70F451}.Debug|x64.ActiveCfg = Debug|Any CPU
		{59DD935B-3BF7-4B12-BF06-9426FC70F451}.Debug|x64.Build.0 = Debug|Any CPU
		{59DD935B-3BF7-4B12-BF06-9426FC70F451}.Debug|x86.ActiveCfg = Debug|Any CPU
		{59DD935B-3BF7-4B12-BF06-9426FC70F451}.Debug|x86.Build.0 = Debug|Any CPU
		{59DD935B-3BF7-4B12-BF06-9426FC70F451}.Release|Any CPU.ActiveCfg = Release|Any CPU
		{59DD935B-3BF7-4B12-BF06-9426FC70F451}.Release|Any CPU.Build.0 = Release|Any CPU
		{59DD935B-3BF7-4B12-BF06-9426FC70F451}.Release|x64.ActiveCfg = Release|Any CPU
		{59DD935B-3BF7-4B12-BF06-9426FC70F451}.Release|x64.Build.0 = Release|Any CPU
		{59DD935B-3BF7-4B12-BF06-9426FC70F451}.Release|x86.ActiveCfg = Release|Any CPU
		{59DD935B-3BF7-4B12-BF06-9426FC70F451}.Release|x86.Build.0 = Release|Any CPU
		{E61024C2-CC4B-4B0C-940A-87C17EB138A8}.Debug|Any CPU.ActiveCfg = Debug|Any CPU
		{E61024C2-CC4B-4B0C-940A-87C17EB138A8}.Debug|Any CPU.Build.0 = Debug|Any CPU
		{E61024C2-CC4B-4B0C-940A-87C17EB138A8}.Debug|x64.ActiveCfg = Debug|Any CPU
		{E61024C2-CC4B-4B0C-940A-87C17EB138A8}.Debug|x64.Build.0 = Debug|Any CPU
		{E61024C2-CC4B-4B0C-940A-87C17EB138A8}.Debug|x86.ActiveCfg = Debug|Any CPU
		{E61024C2-CC4B-4B0C-940A-87C17EB138A8}.Debug|x86.Build.0 = Debug|Any CPU
		{E61024C2-CC4B-4B0C-940A-87C17EB138A8}.Release|Any CPU.ActiveCfg = Release|Any CPU
		{E61024C2-CC4B-4B0C-940A-87C17EB138A8}.Release|Any CPU.Build.0 = Release|Any CPU
		{E61024C2-CC4B-4B0C-940A-87C17EB138A8}.Release|x64.ActiveCfg = Release|Any CPU
		{E61024C2-CC4B-4B0C-940A-87C17EB138A8}.Release|x64.Build.0 = Release|Any CPU
		{E61024C2-CC4B-4B0C-940A-87C17EB138A8}.Release|x86.ActiveCfg = Release|Any CPU
		{E61024C2-CC4B-4B0C-940A-87C17EB138A8}.Release|x86.Build.0 = Release|Any CPU
		{DC816921-19FD-470F-B4D2-4A91C519BCC8}.Debug|Any CPU.ActiveCfg = Debug|Any CPU
		{DC816921-19FD-470F-B4D2-4A91C519BCC8}.Debug|Any CPU.Build.0 = Debug|Any CPU
		{DC816921-19FD-470F-B4D2-4A91C519BCC8}.Debug|x64.ActiveCfg = Debug|Any CPU
		{DC816921-19FD-470F-B4D2-4A91C519BCC8}.Debug|x64.Build.0 = Debug|Any CPU
		{DC816921-19FD-470F-B4D2-4A91C519BCC8}.Debug|x86.ActiveCfg = Debug|Any CPU
		{DC816921-19FD-470F-B4D2-4A91C519BCC8}.Debug|x86.Build.0 = Debug|Any CPU
		{DC816921-19FD-470F-B4D2-4A91C519BCC8}.Release|Any CPU.ActiveCfg = Release|Any CPU
		{DC816921-19FD-470F-B4D2-4A91C519BCC8}.Release|Any CPU.Build.0 = Release|Any CPU
		{DC816921-19FD-470F-B4D2-4A91C519BCC8}.Release|x64.ActiveCfg = Release|Any CPU
		{DC816921-19FD-470F-B4D2-4A91C519BCC8}.Release|x64.Build.0 = Release|Any CPU
		{DC816921-19FD-470F-B4D2-4A91C519BCC8}.Release|x86.ActiveCfg = Release|Any CPU
		{DC816921-19FD-470F-B4D2-4A91C519BCC8}.Release|x86.Build.0 = Release|Any CPU
		{EE9A1518-20D8-485D-BBCE-82F1CEB2D1FF}.Debug|Any CPU.ActiveCfg = Debug|Any CPU
		{EE9A1518-20D8-485D-BBCE-82F1CEB2D1FF}.Debug|Any CPU.Build.0 = Debug|Any CPU
		{EE9A1518-20D8-485D-BBCE-82F1CEB2D1FF}.Debug|x64.ActiveCfg = Debug|Any CPU
		{EE9A1518-20D8-485D-BBCE-82F1CEB2D1FF}.Debug|x64.Build.0 = Debug|Any CPU
		{EE9A1518-20D8-485D-BBCE-82F1CEB2D1FF}.Debug|x86.ActiveCfg = Debug|Any CPU
		{EE9A1518-20D8-485D-BBCE-82F1CEB2D1FF}.Debug|x86.Build.0 = Debug|Any CPU
		{EE9A1518-20D8-485D-BBCE-82F1CEB2D1FF}.Release|Any CPU.ActiveCfg = Release|Any CPU
		{EE9A1518-20D8-485D-BBCE-82F1CEB2D1FF}.Release|Any CPU.Build.0 = Release|Any CPU
		{EE9A1518-20D8-485D-BBCE-82F1CEB2D1FF}.Release|x64.ActiveCfg = Release|Any CPU
		{EE9A1518-20D8-485D-BBCE-82F1CEB2D1FF}.Release|x64.Build.0 = Release|Any CPU
		{EE9A1518-20D8-485D-BBCE-82F1CEB2D1FF}.Release|x86.ActiveCfg = Release|Any CPU
		{EE9A1518-20D8-485D-BBCE-82F1CEB2D1FF}.Release|x86.Build.0 = Release|Any CPU
		{71145007-57AC-4437-9ED9-F457B52C00C5}.Debug|Any CPU.ActiveCfg = Debug|Any CPU
		{71145007-57AC-4437-9ED9-F457B52C00C5}.Debug|Any CPU.Build.0 = Debug|Any CPU
		{71145007-57AC-4437-9ED9-F457B52C00C5}.Debug|x64.ActiveCfg = Debug|Any CPU
		{71145007-57AC-4437-9ED9-F457B52C00C5}.Debug|x64.Build.0 = Debug|Any CPU
		{71145007-57AC-4437-9ED9-F457B52C00C5}.Debug|x86.ActiveCfg = Debug|Any CPU
		{71145007-57AC-4437-9ED9-F457B52C00C5}.Debug|x86.Build.0 = Debug|Any CPU
		{71145007-57AC-4437-9ED9-F457B52C00C5}.Release|Any CPU.ActiveCfg = Release|Any CPU
		{71145007-57AC-4437-9ED9-F457B52C00C5}.Release|Any CPU.Build.0 = Release|Any CPU
		{71145007-57AC-4437-9ED9-F457B52C00C5}.Release|x64.ActiveCfg = Release|Any CPU
		{71145007-57AC-4437-9ED9-F457B52C00C5}.Release|x64.Build.0 = Release|Any CPU
		{71145007-57AC-4437-9ED9-F457B52C00C5}.Release|x86.ActiveCfg = Release|Any CPU
		{71145007-57AC-4437-9ED9-F457B52C00C5}.Release|x86.Build.0 = Release|Any CPU
		{980A1EF3-1CAA-4EDA-A0F4-B75A28D7E809}.Debug|Any CPU.ActiveCfg = Debug|Any CPU
		{980A1EF3-1CAA-4EDA-A0F4-B75A28D7E809}.Debug|Any CPU.Build.0 = Debug|Any CPU
		{980A1EF3-1CAA-4EDA-A0F4-B75A28D7E809}.Debug|x64.ActiveCfg = Debug|Any CPU
		{980A1EF3-1CAA-4EDA-A0F4-B75A28D7E809}.Debug|x64.Build.0 = Debug|Any CPU
		{980A1EF3-1CAA-4EDA-A0F4-B75A28D7E809}.Debug|x86.ActiveCfg = Debug|Any CPU
		{980A1EF3-1CAA-4EDA-A0F4-B75A28D7E809}.Debug|x86.Build.0 = Debug|Any CPU
		{980A1EF3-1CAA-4EDA-A0F4-B75A28D7E809}.Release|Any CPU.ActiveCfg = Release|Any CPU
		{980A1EF3-1CAA-4EDA-A0F4-B75A28D7E809}.Release|Any CPU.Build.0 = Release|Any CPU
		{980A1EF3-1CAA-4EDA-A0F4-B75A28D7E809}.Release|x64.ActiveCfg = Release|Any CPU
		{980A1EF3-1CAA-4EDA-A0F4-B75A28D7E809}.Release|x64.Build.0 = Release|Any CPU
		{980A1EF3-1CAA-4EDA-A0F4-B75A28D7E809}.Release|x86.ActiveCfg = Release|Any CPU
		{980A1EF3-1CAA-4EDA-A0F4-B75A28D7E809}.Release|x86.Build.0 = Release|Any CPU
		{921F683C-EF36-4D64-97B7-B5F59C724108}.Debug|Any CPU.ActiveCfg = Debug|Any CPU
		{921F683C-EF36-4D64-97B7-B5F59C724108}.Debug|Any CPU.Build.0 = Debug|Any CPU
		{921F683C-EF36-4D64-97B7-B5F59C724108}.Debug|x64.ActiveCfg = Debug|Any CPU
		{921F683C-EF36-4D64-97B7-B5F59C724108}.Debug|x64.Build.0 = Debug|Any CPU
		{921F683C-EF36-4D64-97B7-B5F59C724108}.Debug|x86.ActiveCfg = Debug|Any CPU
		{921F683C-EF36-4D64-97B7-B5F59C724108}.Debug|x86.Build.0 = Debug|Any CPU
		{921F683C-EF36-4D64-97B7-B5F59C724108}.Release|Any CPU.ActiveCfg = Release|Any CPU
		{921F683C-EF36-4D64-97B7-B5F59C724108}.Release|Any CPU.Build.0 = Release|Any CPU
		{921F683C-EF36-4D64-97B7-B5F59C724108}.Release|x64.ActiveCfg = Release|Any CPU
		{921F683C-EF36-4D64-97B7-B5F59C724108}.Release|x64.Build.0 = Release|Any CPU
		{921F683C-EF36-4D64-97B7-B5F59C724108}.Release|x86.ActiveCfg = Release|Any CPU
		{921F683C-EF36-4D64-97B7-B5F59C724108}.Release|x86.Build.0 = Release|Any CPU
		{CC5507E4-E5BB-48A4-ADF8-7A3B4051D498}.Debug|Any CPU.ActiveCfg = Debug|Any CPU
		{CC5507E4-E5BB-48A4-ADF8-7A3B4051D498}.Debug|Any CPU.Build.0 = Debug|Any CPU
		{CC5507E4-E5BB-48A4-ADF8-7A3B4051D498}.Debug|x64.ActiveCfg = Debug|Any CPU
		{CC5507E4-E5BB-48A4-ADF8-7A3B4051D498}.Debug|x64.Build.0 = Debug|Any CPU
		{CC5507E4-E5BB-48A4-ADF8-7A3B4051D498}.Debug|x86.ActiveCfg = Debug|Any CPU
		{CC5507E4-E5BB-48A4-ADF8-7A3B4051D498}.Debug|x86.Build.0 = Debug|Any CPU
		{CC5507E4-E5BB-48A4-ADF8-7A3B4051D498}.Release|Any CPU.ActiveCfg = Release|Any CPU
		{CC5507E4-E5BB-48A4-ADF8-7A3B4051D498}.Release|Any CPU.Build.0 = Release|Any CPU
		{CC5507E4-E5BB-48A4-ADF8-7A3B4051D498}.Release|x64.ActiveCfg = Release|Any CPU
		{CC5507E4-E5BB-48A4-ADF8-7A3B4051D498}.Release|x64.Build.0 = Release|Any CPU
		{CC5507E4-E5BB-48A4-ADF8-7A3B4051D498}.Release|x86.ActiveCfg = Release|Any CPU
		{CC5507E4-E5BB-48A4-ADF8-7A3B4051D498}.Release|x86.Build.0 = Release|Any CPU
		{DFB775A2-70E0-4123-AA7B-F164AFAB7EFA}.Debug|Any CPU.ActiveCfg = Debug|Any CPU
		{DFB775A2-70E0-4123-AA7B-F164AFAB7EFA}.Debug|Any CPU.Build.0 = Debug|Any CPU
		{DFB775A2-70E0-4123-AA7B-F164AFAB7EFA}.Debug|x64.ActiveCfg = Debug|Any CPU
		{DFB775A2-70E0-4123-AA7B-F164AFAB7EFA}.Debug|x64.Build.0 = Debug|Any CPU
		{DFB775A2-70E0-4123-AA7B-F164AFAB7EFA}.Debug|x86.ActiveCfg = Debug|Any CPU
		{DFB775A2-70E0-4123-AA7B-F164AFAB7EFA}.Debug|x86.Build.0 = Debug|Any CPU
		{DFB775A2-70E0-4123-AA7B-F164AFAB7EFA}.Release|Any CPU.ActiveCfg = Release|Any CPU
		{DFB775A2-70E0-4123-AA7B-F164AFAB7EFA}.Release|Any CPU.Build.0 = Release|Any CPU
		{DFB775A2-70E0-4123-AA7B-F164AFAB7EFA}.Release|x64.ActiveCfg = Release|Any CPU
		{DFB775A2-70E0-4123-AA7B-F164AFAB7EFA}.Release|x64.Build.0 = Release|Any CPU
		{DFB775A2-70E0-4123-AA7B-F164AFAB7EFA}.Release|x86.ActiveCfg = Release|Any CPU
		{DFB775A2-70E0-4123-AA7B-F164AFAB7EFA}.Release|x86.Build.0 = Release|Any CPU
		{1CA68F9A-B2C6-4595-AD01-D51791E28745}.Debug|Any CPU.ActiveCfg = Debug|Any CPU
		{1CA68F9A-B2C6-4595-AD01-D51791E28745}.Debug|Any CPU.Build.0 = Debug|Any CPU
		{1CA68F9A-B2C6-4595-AD01-D51791E28745}.Debug|x64.ActiveCfg = Debug|Any CPU
		{1CA68F9A-B2C6-4595-AD01-D51791E28745}.Debug|x64.Build.0 = Debug|Any CPU
		{1CA68F9A-B2C6-4595-AD01-D51791E28745}.Debug|x86.ActiveCfg = Debug|Any CPU
		{1CA68F9A-B2C6-4595-AD01-D51791E28745}.Debug|x86.Build.0 = Debug|Any CPU
		{1CA68F9A-B2C6-4595-AD01-D51791E28745}.Release|Any CPU.ActiveCfg = Release|Any CPU
		{1CA68F9A-B2C6-4595-AD01-D51791E28745}.Release|Any CPU.Build.0 = Release|Any CPU
		{1CA68F9A-B2C6-4595-AD01-D51791E28745}.Release|x64.ActiveCfg = Release|Any CPU
		{1CA68F9A-B2C6-4595-AD01-D51791E28745}.Release|x64.Build.0 = Release|Any CPU
		{1CA68F9A-B2C6-4595-AD01-D51791E28745}.Release|x86.ActiveCfg = Release|Any CPU
		{1CA68F9A-B2C6-4595-AD01-D51791E28745}.Release|x86.Build.0 = Release|Any CPU
		{4E4B8828-76E1-4752-9FB7-47EDFE4595E6}.Debug|Any CPU.ActiveCfg = Debug|Any CPU
		{4E4B8828-76E1-4752-9FB7-47EDFE4595E6}.Debug|Any CPU.Build.0 = Debug|Any CPU
		{4E4B8828-76E1-4752-9FB7-47EDFE4595E6}.Debug|x64.ActiveCfg = Debug|Any CPU
		{4E4B8828-76E1-4752-9FB7-47EDFE4595E6}.Debug|x64.Build.0 = Debug|Any CPU
		{4E4B8828-76E1-4752-9FB7-47EDFE4595E6}.Debug|x86.ActiveCfg = Debug|Any CPU
		{4E4B8828-76E1-4752-9FB7-47EDFE4595E6}.Debug|x86.Build.0 = Debug|Any CPU
		{4E4B8828-76E1-4752-9FB7-47EDFE4595E6}.Release|Any CPU.ActiveCfg = Release|Any CPU
		{4E4B8828-76E1-4752-9FB7-47EDFE4595E6}.Release|Any CPU.Build.0 = Release|Any CPU
		{4E4B8828-76E1-4752-9FB7-47EDFE4595E6}.Release|x64.ActiveCfg = Release|Any CPU
		{4E4B8828-76E1-4752-9FB7-47EDFE4595E6}.Release|x64.Build.0 = Release|Any CPU
		{4E4B8828-76E1-4752-9FB7-47EDFE4595E6}.Release|x86.ActiveCfg = Release|Any CPU
		{4E4B8828-76E1-4752-9FB7-47EDFE4595E6}.Release|x86.Build.0 = Release|Any CPU
		{08C3D960-FC4B-4011-B168-F41EFA10384B}.Debug|Any CPU.ActiveCfg = Debug|Any CPU
		{08C3D960-FC4B-4011-B168-F41EFA10384B}.Debug|Any CPU.Build.0 = Debug|Any CPU
		{08C3D960-FC4B-4011-B168-F41EFA10384B}.Debug|x64.ActiveCfg = Debug|Any CPU
		{08C3D960-FC4B-4011-B168-F41EFA10384B}.Debug|x64.Build.0 = Debug|Any CPU
		{08C3D960-FC4B-4011-B168-F41EFA10384B}.Debug|x86.ActiveCfg = Debug|Any CPU
		{08C3D960-FC4B-4011-B168-F41EFA10384B}.Debug|x86.Build.0 = Debug|Any CPU
		{08C3D960-FC4B-4011-B168-F41EFA10384B}.Release|Any CPU.ActiveCfg = Release|Any CPU
		{08C3D960-FC4B-4011-B168-F41EFA10384B}.Release|Any CPU.Build.0 = Release|Any CPU
		{08C3D960-FC4B-4011-B168-F41EFA10384B}.Release|x64.ActiveCfg = Release|Any CPU
		{08C3D960-FC4B-4011-B168-F41EFA10384B}.Release|x64.Build.0 = Release|Any CPU
		{08C3D960-FC4B-4011-B168-F41EFA10384B}.Release|x86.ActiveCfg = Release|Any CPU
		{08C3D960-FC4B-4011-B168-F41EFA10384B}.Release|x86.Build.0 = Release|Any CPU
		{3A10D54B-9D69-406F-8B03-9960CDB9382A}.Debug|Any CPU.ActiveCfg = Debug|Any CPU
		{3A10D54B-9D69-406F-8B03-9960CDB9382A}.Debug|Any CPU.Build.0 = Debug|Any CPU
		{3A10D54B-9D69-406F-8B03-9960CDB9382A}.Debug|x64.ActiveCfg = Debug|Any CPU
		{3A10D54B-9D69-406F-8B03-9960CDB9382A}.Debug|x64.Build.0 = Debug|Any CPU
		{3A10D54B-9D69-406F-8B03-9960CDB9382A}.Debug|x86.ActiveCfg = Debug|Any CPU
		{3A10D54B-9D69-406F-8B03-9960CDB9382A}.Debug|x86.Build.0 = Debug|Any CPU
		{3A10D54B-9D69-406F-8B03-9960CDB9382A}.Release|Any CPU.ActiveCfg = Release|Any CPU
		{3A10D54B-9D69-406F-8B03-9960CDB9382A}.Release|Any CPU.Build.0 = Release|Any CPU
		{3A10D54B-9D69-406F-8B03-9960CDB9382A}.Release|x64.ActiveCfg = Release|Any CPU
		{3A10D54B-9D69-406F-8B03-9960CDB9382A}.Release|x64.Build.0 = Release|Any CPU
		{3A10D54B-9D69-406F-8B03-9960CDB9382A}.Release|x86.ActiveCfg = Release|Any CPU
		{3A10D54B-9D69-406F-8B03-9960CDB9382A}.Release|x86.Build.0 = Release|Any CPU
		{1BD08A96-7F34-417B-875E-AACB2BEC72C1}.Debug|Any CPU.ActiveCfg = Debug|Any CPU
		{1BD08A96-7F34-417B-875E-AACB2BEC72C1}.Debug|Any CPU.Build.0 = Debug|Any CPU
		{1BD08A96-7F34-417B-875E-AACB2BEC72C1}.Debug|x64.ActiveCfg = Debug|Any CPU
		{1BD08A96-7F34-417B-875E-AACB2BEC72C1}.Debug|x64.Build.0 = Debug|Any CPU
		{1BD08A96-7F34-417B-875E-AACB2BEC72C1}.Debug|x86.ActiveCfg = Debug|Any CPU
		{1BD08A96-7F34-417B-875E-AACB2BEC72C1}.Debug|x86.Build.0 = Debug|Any CPU
		{1BD08A96-7F34-417B-875E-AACB2BEC72C1}.Release|Any CPU.ActiveCfg = Release|Any CPU
		{1BD08A96-7F34-417B-875E-AACB2BEC72C1}.Release|Any CPU.Build.0 = Release|Any CPU
		{1BD08A96-7F34-417B-875E-AACB2BEC72C1}.Release|x64.ActiveCfg = Release|Any CPU
		{1BD08A96-7F34-417B-875E-AACB2BEC72C1}.Release|x64.Build.0 = Release|Any CPU
		{1BD08A96-7F34-417B-875E-AACB2BEC72C1}.Release|x86.ActiveCfg = Release|Any CPU
		{1BD08A96-7F34-417B-875E-AACB2BEC72C1}.Release|x86.Build.0 = Release|Any CPU
		{2BC232FB-FFFA-4587-8804-531C413D5EC2}.Debug|Any CPU.ActiveCfg = Debug|Any CPU
		{2BC232FB-FFFA-4587-8804-531C413D5EC2}.Debug|Any CPU.Build.0 = Debug|Any CPU
		{2BC232FB-FFFA-4587-8804-531C413D5EC2}.Debug|x64.ActiveCfg = Debug|Any CPU
		{2BC232FB-FFFA-4587-8804-531C413D5EC2}.Debug|x64.Build.0 = Debug|Any CPU
		{2BC232FB-FFFA-4587-8804-531C413D5EC2}.Debug|x86.ActiveCfg = Debug|Any CPU
		{2BC232FB-FFFA-4587-8804-531C413D5EC2}.Debug|x86.Build.0 = Debug|Any CPU
		{2BC232FB-FFFA-4587-8804-531C413D5EC2}.Release|Any CPU.ActiveCfg = Release|Any CPU
		{2BC232FB-FFFA-4587-8804-531C413D5EC2}.Release|Any CPU.Build.0 = Release|Any CPU
		{2BC232FB-FFFA-4587-8804-531C413D5EC2}.Release|x64.ActiveCfg = Release|Any CPU
		{2BC232FB-FFFA-4587-8804-531C413D5EC2}.Release|x64.Build.0 = Release|Any CPU
		{2BC232FB-FFFA-4587-8804-531C413D5EC2}.Release|x86.ActiveCfg = Release|Any CPU
		{2BC232FB-FFFA-4587-8804-531C413D5EC2}.Release|x86.Build.0 = Release|Any CPU
		{C63832FA-A47D-41B7-A00F-C3242B9060AF}.Debug|Any CPU.ActiveCfg = Debug|Any CPU
		{C63832FA-A47D-41B7-A00F-C3242B9060AF}.Debug|Any CPU.Build.0 = Debug|Any CPU
		{C63832FA-A47D-41B7-A00F-C3242B9060AF}.Debug|x64.ActiveCfg = Debug|Any CPU
		{C63832FA-A47D-41B7-A00F-C3242B9060AF}.Debug|x64.Build.0 = Debug|Any CPU
		{C63832FA-A47D-41B7-A00F-C3242B9060AF}.Debug|x86.ActiveCfg = Debug|Any CPU
		{C63832FA-A47D-41B7-A00F-C3242B9060AF}.Debug|x86.Build.0 = Debug|Any CPU
		{C63832FA-A47D-41B7-A00F-C3242B9060AF}.Release|Any CPU.ActiveCfg = Release|Any CPU
		{C63832FA-A47D-41B7-A00F-C3242B9060AF}.Release|Any CPU.Build.0 = Release|Any CPU
		{C63832FA-A47D-41B7-A00F-C3242B9060AF}.Release|x64.ActiveCfg = Release|Any CPU
		{C63832FA-A47D-41B7-A00F-C3242B9060AF}.Release|x64.Build.0 = Release|Any CPU
		{C63832FA-A47D-41B7-A00F-C3242B9060AF}.Release|x86.ActiveCfg = Release|Any CPU
		{C63832FA-A47D-41B7-A00F-C3242B9060AF}.Release|x86.Build.0 = Release|Any CPU
		{B143FDC4-D896-4244-BE90-95AA42534EFA}.Debug|Any CPU.ActiveCfg = Debug|Any CPU
		{B143FDC4-D896-4244-BE90-95AA42534EFA}.Debug|Any CPU.Build.0 = Debug|Any CPU
		{B143FDC4-D896-4244-BE90-95AA42534EFA}.Debug|x64.ActiveCfg = Debug|Any CPU
		{B143FDC4-D896-4244-BE90-95AA42534EFA}.Debug|x64.Build.0 = Debug|Any CPU
		{B143FDC4-D896-4244-BE90-95AA42534EFA}.Debug|x86.ActiveCfg = Debug|Any CPU
		{B143FDC4-D896-4244-BE90-95AA42534EFA}.Debug|x86.Build.0 = Debug|Any CPU
		{B143FDC4-D896-4244-BE90-95AA42534EFA}.Release|Any CPU.ActiveCfg = Release|Any CPU
		{B143FDC4-D896-4244-BE90-95AA42534EFA}.Release|Any CPU.Build.0 = Release|Any CPU
		{B143FDC4-D896-4244-BE90-95AA42534EFA}.Release|x64.ActiveCfg = Release|Any CPU
		{B143FDC4-D896-4244-BE90-95AA42534EFA}.Release|x64.Build.0 = Release|Any CPU
		{B143FDC4-D896-4244-BE90-95AA42534EFA}.Release|x86.ActiveCfg = Release|Any CPU
		{B143FDC4-D896-4244-BE90-95AA42534EFA}.Release|x86.Build.0 = Release|Any CPU
		{364D77B8-C970-49CA-8A8E-2053D0923BB3}.Debug|Any CPU.ActiveCfg = Debug|Any CPU
		{364D77B8-C970-49CA-8A8E-2053D0923BB3}.Debug|Any CPU.Build.0 = Debug|Any CPU
		{364D77B8-C970-49CA-8A8E-2053D0923BB3}.Debug|x64.ActiveCfg = Debug|Any CPU
		{364D77B8-C970-49CA-8A8E-2053D0923BB3}.Debug|x64.Build.0 = Debug|Any CPU
		{364D77B8-C970-49CA-8A8E-2053D0923BB3}.Debug|x86.ActiveCfg = Debug|Any CPU
		{364D77B8-C970-49CA-8A8E-2053D0923BB3}.Debug|x86.Build.0 = Debug|Any CPU
		{364D77B8-C970-49CA-8A8E-2053D0923BB3}.Release|Any CPU.ActiveCfg = Release|Any CPU
		{364D77B8-C970-49CA-8A8E-2053D0923BB3}.Release|Any CPU.Build.0 = Release|Any CPU
		{364D77B8-C970-49CA-8A8E-2053D0923BB3}.Release|x64.ActiveCfg = Release|Any CPU
		{364D77B8-C970-49CA-8A8E-2053D0923BB3}.Release|x64.Build.0 = Release|Any CPU
		{364D77B8-C970-49CA-8A8E-2053D0923BB3}.Release|x86.ActiveCfg = Release|Any CPU
		{364D77B8-C970-49CA-8A8E-2053D0923BB3}.Release|x86.Build.0 = Release|Any CPU
		{E37E7470-16B2-4DE7-90FB-EDB41DCB2EEC}.Debug|Any CPU.ActiveCfg = Debug|Any CPU
		{E37E7470-16B2-4DE7-90FB-EDB41DCB2EEC}.Debug|Any CPU.Build.0 = Debug|Any CPU
		{E37E7470-16B2-4DE7-90FB-EDB41DCB2EEC}.Debug|x64.ActiveCfg = Debug|Any CPU
		{E37E7470-16B2-4DE7-90FB-EDB41DCB2EEC}.Debug|x64.Build.0 = Debug|Any CPU
		{E37E7470-16B2-4DE7-90FB-EDB41DCB2EEC}.Debug|x86.ActiveCfg = Debug|Any CPU
		{E37E7470-16B2-4DE7-90FB-EDB41DCB2EEC}.Debug|x86.Build.0 = Debug|Any CPU
		{E37E7470-16B2-4DE7-90FB-EDB41DCB2EEC}.Release|Any CPU.ActiveCfg = Release|Any CPU
		{E37E7470-16B2-4DE7-90FB-EDB41DCB2EEC}.Release|Any CPU.Build.0 = Release|Any CPU
		{E37E7470-16B2-4DE7-90FB-EDB41DCB2EEC}.Release|x64.ActiveCfg = Release|Any CPU
		{E37E7470-16B2-4DE7-90FB-EDB41DCB2EEC}.Release|x64.Build.0 = Release|Any CPU
		{E37E7470-16B2-4DE7-90FB-EDB41DCB2EEC}.Release|x86.ActiveCfg = Release|Any CPU
		{E37E7470-16B2-4DE7-90FB-EDB41DCB2EEC}.Release|x86.Build.0 = Release|Any CPU
		{D3ED2C3E-1E61-4263-87FE-5CC578C7A0D5}.Debug|Any CPU.ActiveCfg = Debug|Any CPU
		{D3ED2C3E-1E61-4263-87FE-5CC578C7A0D5}.Debug|Any CPU.Build.0 = Debug|Any CPU
		{D3ED2C3E-1E61-4263-87FE-5CC578C7A0D5}.Debug|x64.ActiveCfg = Debug|Any CPU
		{D3ED2C3E-1E61-4263-87FE-5CC578C7A0D5}.Debug|x64.Build.0 = Debug|Any CPU
		{D3ED2C3E-1E61-4263-87FE-5CC578C7A0D5}.Debug|x86.ActiveCfg = Debug|Any CPU
		{D3ED2C3E-1E61-4263-87FE-5CC578C7A0D5}.Debug|x86.Build.0 = Debug|Any CPU
		{D3ED2C3E-1E61-4263-87FE-5CC578C7A0D5}.Release|Any CPU.ActiveCfg = Release|Any CPU
		{D3ED2C3E-1E61-4263-87FE-5CC578C7A0D5}.Release|Any CPU.Build.0 = Release|Any CPU
		{D3ED2C3E-1E61-4263-87FE-5CC578C7A0D5}.Release|x64.ActiveCfg = Release|Any CPU
		{D3ED2C3E-1E61-4263-87FE-5CC578C7A0D5}.Release|x64.Build.0 = Release|Any CPU
		{D3ED2C3E-1E61-4263-87FE-5CC578C7A0D5}.Release|x86.ActiveCfg = Release|Any CPU
		{D3ED2C3E-1E61-4263-87FE-5CC578C7A0D5}.Release|x86.Build.0 = Release|Any CPU
		{603659C2-C97B-4899-AF13-386994A9FA36}.Debug|Any CPU.ActiveCfg = Debug|Any CPU
		{603659C2-C97B-4899-AF13-386994A9FA36}.Debug|Any CPU.Build.0 = Debug|Any CPU
		{603659C2-C97B-4899-AF13-386994A9FA36}.Debug|x64.ActiveCfg = Debug|Any CPU
		{603659C2-C97B-4899-AF13-386994A9FA36}.Debug|x64.Build.0 = Debug|Any CPU
		{603659C2-C97B-4899-AF13-386994A9FA36}.Debug|x86.ActiveCfg = Debug|Any CPU
		{603659C2-C97B-4899-AF13-386994A9FA36}.Debug|x86.Build.0 = Debug|Any CPU
		{603659C2-C97B-4899-AF13-386994A9FA36}.Release|Any CPU.ActiveCfg = Release|Any CPU
		{603659C2-C97B-4899-AF13-386994A9FA36}.Release|Any CPU.Build.0 = Release|Any CPU
		{603659C2-C97B-4899-AF13-386994A9FA36}.Release|x64.ActiveCfg = Release|Any CPU
		{603659C2-C97B-4899-AF13-386994A9FA36}.Release|x64.Build.0 = Release|Any CPU
		{603659C2-C97B-4899-AF13-386994A9FA36}.Release|x86.ActiveCfg = Release|Any CPU
		{603659C2-C97B-4899-AF13-386994A9FA36}.Release|x86.Build.0 = Release|Any CPU
		{8B4D6B2F-AB57-4367-83DC-961E745D2CF3}.Debug|Any CPU.ActiveCfg = Debug|Any CPU
		{8B4D6B2F-AB57-4367-83DC-961E745D2CF3}.Debug|Any CPU.Build.0 = Debug|Any CPU
		{8B4D6B2F-AB57-4367-83DC-961E745D2CF3}.Debug|x64.ActiveCfg = Debug|Any CPU
		{8B4D6B2F-AB57-4367-83DC-961E745D2CF3}.Debug|x64.Build.0 = Debug|Any CPU
		{8B4D6B2F-AB57-4367-83DC-961E745D2CF3}.Debug|x86.ActiveCfg = Debug|Any CPU
		{8B4D6B2F-AB57-4367-83DC-961E745D2CF3}.Debug|x86.Build.0 = Debug|Any CPU
		{8B4D6B2F-AB57-4367-83DC-961E745D2CF3}.Release|Any CPU.ActiveCfg = Release|Any CPU
		{8B4D6B2F-AB57-4367-83DC-961E745D2CF3}.Release|Any CPU.Build.0 = Release|Any CPU
		{8B4D6B2F-AB57-4367-83DC-961E745D2CF3}.Release|x64.ActiveCfg = Release|Any CPU
		{8B4D6B2F-AB57-4367-83DC-961E745D2CF3}.Release|x64.Build.0 = Release|Any CPU
		{8B4D6B2F-AB57-4367-83DC-961E745D2CF3}.Release|x86.ActiveCfg = Release|Any CPU
		{8B4D6B2F-AB57-4367-83DC-961E745D2CF3}.Release|x86.Build.0 = Release|Any CPU
		{FF0A8888-3350-4FE4-9FC9-CF8483616B35}.Debug|Any CPU.ActiveCfg = Debug|Any CPU
		{FF0A8888-3350-4FE4-9FC9-CF8483616B35}.Debug|Any CPU.Build.0 = Debug|Any CPU
		{FF0A8888-3350-4FE4-9FC9-CF8483616B35}.Debug|x64.ActiveCfg = Debug|Any CPU
		{FF0A8888-3350-4FE4-9FC9-CF8483616B35}.Debug|x64.Build.0 = Debug|Any CPU
		{FF0A8888-3350-4FE4-9FC9-CF8483616B35}.Debug|x86.ActiveCfg = Debug|Any CPU
		{FF0A8888-3350-4FE4-9FC9-CF8483616B35}.Debug|x86.Build.0 = Debug|Any CPU
		{FF0A8888-3350-4FE4-9FC9-CF8483616B35}.Release|Any CPU.ActiveCfg = Release|Any CPU
		{FF0A8888-3350-4FE4-9FC9-CF8483616B35}.Release|Any CPU.Build.0 = Release|Any CPU
		{FF0A8888-3350-4FE4-9FC9-CF8483616B35}.Release|x64.ActiveCfg = Release|Any CPU
		{FF0A8888-3350-4FE4-9FC9-CF8483616B35}.Release|x64.Build.0 = Release|Any CPU
		{FF0A8888-3350-4FE4-9FC9-CF8483616B35}.Release|x86.ActiveCfg = Release|Any CPU
		{FF0A8888-3350-4FE4-9FC9-CF8483616B35}.Release|x86.Build.0 = Release|Any CPU
		{3402CF6A-C867-4DAC-BC6C-5712BFDD211F}.Debug|Any CPU.ActiveCfg = Debug|Any CPU
		{3402CF6A-C867-4DAC-BC6C-5712BFDD211F}.Debug|Any CPU.Build.0 = Debug|Any CPU
		{3402CF6A-C867-4DAC-BC6C-5712BFDD211F}.Debug|x64.ActiveCfg = Debug|Any CPU
		{3402CF6A-C867-4DAC-BC6C-5712BFDD211F}.Debug|x64.Build.0 = Debug|Any CPU
		{3402CF6A-C867-4DAC-BC6C-5712BFDD211F}.Debug|x86.ActiveCfg = Debug|Any CPU
		{3402CF6A-C867-4DAC-BC6C-5712BFDD211F}.Debug|x86.Build.0 = Debug|Any CPU
		{3402CF6A-C867-4DAC-BC6C-5712BFDD211F}.Release|Any CPU.ActiveCfg = Release|Any CPU
		{3402CF6A-C867-4DAC-BC6C-5712BFDD211F}.Release|Any CPU.Build.0 = Release|Any CPU
		{3402CF6A-C867-4DAC-BC6C-5712BFDD211F}.Release|x64.ActiveCfg = Release|Any CPU
		{3402CF6A-C867-4DAC-BC6C-5712BFDD211F}.Release|x64.Build.0 = Release|Any CPU
		{3402CF6A-C867-4DAC-BC6C-5712BFDD211F}.Release|x86.ActiveCfg = Release|Any CPU
		{3402CF6A-C867-4DAC-BC6C-5712BFDD211F}.Release|x86.Build.0 = Release|Any CPU
		{32F3E6E2-0476-4EE2-B86F-86D7B63F7B58}.Debug|Any CPU.ActiveCfg = Debug|Any CPU
		{32F3E6E2-0476-4EE2-B86F-86D7B63F7B58}.Debug|Any CPU.Build.0 = Debug|Any CPU
		{32F3E6E2-0476-4EE2-B86F-86D7B63F7B58}.Debug|x64.ActiveCfg = Debug|Any CPU
		{32F3E6E2-0476-4EE2-B86F-86D7B63F7B58}.Debug|x64.Build.0 = Debug|Any CPU
		{32F3E6E2-0476-4EE2-B86F-86D7B63F7B58}.Debug|x86.ActiveCfg = Debug|Any CPU
		{32F3E6E2-0476-4EE2-B86F-86D7B63F7B58}.Debug|x86.Build.0 = Debug|Any CPU
		{32F3E6E2-0476-4EE2-B86F-86D7B63F7B58}.Release|Any CPU.ActiveCfg = Release|Any CPU
		{32F3E6E2-0476-4EE2-B86F-86D7B63F7B58}.Release|Any CPU.Build.0 = Release|Any CPU
		{32F3E6E2-0476-4EE2-B86F-86D7B63F7B58}.Release|x64.ActiveCfg = Release|Any CPU
		{32F3E6E2-0476-4EE2-B86F-86D7B63F7B58}.Release|x64.Build.0 = Release|Any CPU
		{32F3E6E2-0476-4EE2-B86F-86D7B63F7B58}.Release|x86.ActiveCfg = Release|Any CPU
		{32F3E6E2-0476-4EE2-B86F-86D7B63F7B58}.Release|x86.Build.0 = Release|Any CPU
	EndGlobalSection
	GlobalSection(NestedProjects) = preSolution
		{AAF3BE9C-542A-41F4-BAEA-AF230AA28FBA} = {7334672B-28C0-4AAD-987D-FE0DD85F594C}
		{BA2625E6-D1EF-40F1-A7B3-D27A5A8746C6} = {AAF3BE9C-542A-41F4-BAEA-AF230AA28FBA}
		{43002EE4-D258-47EE-BAB3-EA54417D3AAC} = {03CDE869-31D6-4902-ABF1-264FD8D66807}
		{59DD935B-3BF7-4B12-BF06-9426FC70F451} = {03CDE869-31D6-4902-ABF1-264FD8D66807}
		{E61024C2-CC4B-4B0C-940A-87C17EB138A8} = {03CDE869-31D6-4902-ABF1-264FD8D66807}
		{D17C89BD-CBD5-4933-831D-601F2C4BFC15} = {7334672B-28C0-4AAD-987D-FE0DD85F594C}
		{DC816921-19FD-470F-B4D2-4A91C519BCC8} = {D17C89BD-CBD5-4933-831D-601F2C4BFC15}
		{EE9A1518-20D8-485D-BBCE-82F1CEB2D1FF} = {D17C89BD-CBD5-4933-831D-601F2C4BFC15}
		{71145007-57AC-4437-9ED9-F457B52C00C5} = {D17C89BD-CBD5-4933-831D-601F2C4BFC15}
		{980A1EF3-1CAA-4EDA-A0F4-B75A28D7E809} = {AAF3BE9C-542A-41F4-BAEA-AF230AA28FBA}
		{CC5507E4-E5BB-48A4-ADF8-7A3B4051D498} = {AAF3BE9C-542A-41F4-BAEA-AF230AA28FBA}
		{7E4B807E-CCC1-48CF-8695-7FA288A3BA9C} = {7334672B-28C0-4AAD-987D-FE0DD85F594C}
		{DFB775A2-70E0-4123-AA7B-F164AFAB7EFA} = {7E4B807E-CCC1-48CF-8695-7FA288A3BA9C}
		{1CA68F9A-B2C6-4595-AD01-D51791E28745} = {7E4B807E-CCC1-48CF-8695-7FA288A3BA9C}
		{4E4B8828-76E1-4752-9FB7-47EDFE4595E6} = {7E4B807E-CCC1-48CF-8695-7FA288A3BA9C}
		{08C3D960-FC4B-4011-B168-F41EFA10384B} = {03CDE869-31D6-4902-ABF1-264FD8D66807}
		{3A10D54B-9D69-406F-8B03-9960CDB9382A} = {7E4B807E-CCC1-48CF-8695-7FA288A3BA9C}
		{134C519D-5EF4-4FBA-BD4B-64C4834E0166} = {7334672B-28C0-4AAD-987D-FE0DD85F594C}
		{1BD08A96-7F34-417B-875E-AACB2BEC72C1} = {134C519D-5EF4-4FBA-BD4B-64C4834E0166}
		{2BC232FB-FFFA-4587-8804-531C413D5EC2} = {134C519D-5EF4-4FBA-BD4B-64C4834E0166}
		{C63832FA-A47D-41B7-A00F-C3242B9060AF} = {134C519D-5EF4-4FBA-BD4B-64C4834E0166}
		{B143FDC4-D896-4244-BE90-95AA42534EFA} = {03CDE869-31D6-4902-ABF1-264FD8D66807}
		{4262C4AD-BBA5-40B1-9161-ACCAFCFC76B0} = {7334672B-28C0-4AAD-987D-FE0DD85F594C}
		{364D77B8-C970-49CA-8A8E-2053D0923BB3} = {4262C4AD-BBA5-40B1-9161-ACCAFCFC76B0}
		{E37E7470-16B2-4DE7-90FB-EDB41DCB2EEC} = {4262C4AD-BBA5-40B1-9161-ACCAFCFC76B0}
		{D3ED2C3E-1E61-4263-87FE-5CC578C7A0D5} = {4262C4AD-BBA5-40B1-9161-ACCAFCFC76B0}
		{603659C2-C97B-4899-AF13-386994A9FA36} = {03CDE869-31D6-4902-ABF1-264FD8D66807}
		{94F84CF9-FB56-406C-AED4-49851F9F8B5D} = {7334672B-28C0-4AAD-987D-FE0DD85F594C}
		{8B4D6B2F-AB57-4367-83DC-961E745D2CF3} = {94F84CF9-FB56-406C-AED4-49851F9F8B5D}
		{FF0A8888-3350-4FE4-9FC9-CF8483616B35} = {94F84CF9-FB56-406C-AED4-49851F9F8B5D}
		{3402CF6A-C867-4DAC-BC6C-5712BFDD211F} = {94F84CF9-FB56-406C-AED4-49851F9F8B5D}
		{32F3E6E2-0476-4EE2-B86F-86D7B63F7B58} = {03CDE869-31D6-4902-ABF1-264FD8D66807}
	EndGlobalSection
EndGlobal
